github.com/Jguer/go-srcinfo v0.0.0-20190401160902-05dcd7cd516f h1:fjQpZHfkDTurgblqWzt5akCOwiQEDW6mxaHwa19UP8g=
github.com/Jguer/go-srcinfo v0.0.0-20190401160902-05dcd7cd516f/go.mod h1:BCceRNXifLLx2aPqLCgpUVut3gLr/WEOi/nI8eiMJBY=
github.com/Morganamilo/go-srcinfo v1.0.0 h1:Wh4nEF+HJWo+29hnxM18Q2hi+DUf0GejS13+Wg+dzmI=
github.com/Morganamilo/go-srcinfo v1.0.0/go.mod h1:MP6VGY1NNpVUmYIEgoM9acix95KQqIRyqQ0hCLsyYUY=
